# This file is automatically @generated by Poetry 1.6.1 and should not be changed by hand.

[[package]]
name = "black"
version = "23.11.0"
description = "The uncompromising code formatter."
optional = false
python-versions = ">=3.8"
files = [
    {file = "black-23.11.0-cp310-cp310-macosx_10_9_x86_64.whl", hash = "sha256:dbea0bb8575c6b6303cc65017b46351dc5953eea5c0a59d7b7e3a2d2f433a911"},
    {file = "black-23.11.0-cp310-cp310-macosx_11_0_arm64.whl", hash = "sha256:412f56bab20ac85927f3a959230331de5614aecda1ede14b373083f62ec24e6f"},
    {file = "black-23.11.0-cp310-cp310-manylinux_2_17_x86_64.manylinux2014_x86_64.whl", hash = "sha256:d136ef5b418c81660ad847efe0e55c58c8208b77a57a28a503a5f345ccf01394"},
    {file = "black-23.11.0-cp310-cp310-win_amd64.whl", hash = "sha256:6c1cac07e64433f646a9a838cdc00c9768b3c362805afc3fce341af0e6a9ae9f"},
    {file = "black-23.11.0-cp311-cp311-macosx_10_9_x86_64.whl", hash = "sha256:cf57719e581cfd48c4efe28543fea3d139c6b6f1238b3f0102a9c73992cbb479"},
    {file = "black-23.11.0-cp311-cp311-macosx_11_0_arm64.whl", hash = "sha256:698c1e0d5c43354ec5d6f4d914d0d553a9ada56c85415700b81dc90125aac244"},
    {file = "black-23.11.0-cp311-cp311-manylinux_2_17_x86_64.manylinux2014_x86_64.whl", hash = "sha256:760415ccc20f9e8747084169110ef75d545f3b0932ee21368f63ac0fee86b221"},
    {file = "black-23.11.0-cp311-cp311-win_amd64.whl", hash = "sha256:58e5f4d08a205b11800332920e285bd25e1a75c54953e05502052738fe16b3b5"},
    {file = "black-23.11.0-cp38-cp38-macosx_10_9_x86_64.whl", hash = "sha256:45aa1d4675964946e53ab81aeec7a37613c1cb71647b5394779e6efb79d6d187"},
    {file = "black-23.11.0-cp38-cp38-macosx_11_0_arm64.whl", hash = "sha256:4c44b7211a3a0570cc097e81135faa5f261264f4dfaa22bd5ee2875a4e773bd6"},
    {file = "black-23.11.0-cp38-cp38-manylinux_2_17_x86_64.manylinux2014_x86_64.whl", hash = "sha256:2a9acad1451632021ee0d146c8765782a0c3846e0e0ea46659d7c4f89d9b212b"},
    {file = "black-23.11.0-cp38-cp38-win_amd64.whl", hash = "sha256:fc7f6a44d52747e65a02558e1d807c82df1d66ffa80a601862040a43ec2e3142"},
    {file = "black-23.11.0-cp39-cp39-macosx_10_9_x86_64.whl", hash = "sha256:7f622b6822f02bfaf2a5cd31fdb7cd86fcf33dab6ced5185c35f5db98260b055"},
    {file = "black-23.11.0-cp39-cp39-macosx_11_0_arm64.whl", hash = "sha256:250d7e60f323fcfc8ea6c800d5eba12f7967400eb6c2d21ae85ad31c204fb1f4"},
    {file = "black-23.11.0-cp39-cp39-manylinux_2_17_x86_64.manylinux2014_x86_64.whl", hash = "sha256:5133f5507007ba08d8b7b263c7aa0f931af5ba88a29beacc4b2dc23fcefe9c06"},
    {file = "black-23.11.0-cp39-cp39-win_amd64.whl", hash = "sha256:421f3e44aa67138ab1b9bfbc22ee3780b22fa5b291e4db8ab7eee95200726b07"},
    {file = "black-23.11.0-py3-none-any.whl", hash = "sha256:54caaa703227c6e0c87b76326d0862184729a69b73d3b7305b6288e1d830067e"},
    {file = "black-23.11.0.tar.gz", hash = "sha256:4c68855825ff432d197229846f971bc4d6666ce90492e5b02013bcaca4d9ab05"},
]

[package.dependencies]
click = ">=8.0.0"
mypy-extensions = ">=0.4.3"
packaging = ">=22.0"
pathspec = ">=0.9.0"
platformdirs = ">=2"

[package.extras]
colorama = ["colorama (>=0.4.3)"]
d = ["aiohttp (>=3.7.4)"]
jupyter = ["ipython (>=7.8.0)", "tokenize-rt (>=3.2.0)"]
uvloop = ["uvloop (>=0.15.2)"]

[[package]]
name = "cadquery"
version = "2.3.1"
description = "CadQuery is a parametric  scripting language for creating and traversing CAD models"
optional = false
python-versions = ">=3.8"
files = [
    {file = "cadquery-2.3.1-py3-none-any.whl", hash = "sha256:2bdd3cc37639c5a9485d394d081334769c2b9e2fee6a42c0ca53e64fd9ff6a8d"},
    {file = "cadquery-2.3.1.tar.gz", hash = "sha256:eb28dfe8e003fc0663391d1d8f51bf5dab091facdded46cfb3d919676eefcd36"},
]

[package.dependencies]
cadquery-ocp = ">=7.7.0a0,<7.8"
casadi = "*"
ezdxf = "*"
multimethod = ">=1.7,<2.0"
nlopt = "*"
nptyping = "2.0.1"
path = "*"
typish = "*"

[package.extras]
dev = ["black (==19.10b0)", "click (==8.0.4)", "docutils", "ipython", "pytest"]
ipython = ["ipython"]

[[package]]
name = "cadquery-ocp"
version = "7.7.1"
description = "OCP+VTK wheel with shared library dependencies bundled."
optional = false
python-versions = "*"
files = [
    {file = "cadquery_ocp-7.7.1-cp310-cp310-macosx_10_9_x86_64.whl", hash = "sha256:5fd11c49a49fbd93782c4b8f871f631c35df363d7df0181e423559869cad2d69"},
    {file = "cadquery_ocp-7.7.1-cp310-cp310-manylinux_2_35_x86_64.whl", hash = "sha256:efc52b7503c28d25b224249b453886aa98ef4a03b9426fe96e8dac56340a074d"},
    {file = "cadquery_ocp-7.7.1-cp310-cp310-win_amd64.whl", hash = "sha256:e053f2520115cdd7c0d3006bd445887256ce14d0d787d0b622ff1409cbff24f1"},
    {file = "cadquery_ocp-7.7.1-cp311-cp311-macosx_10_9_x86_64.whl", hash = "sha256:6c10138a5e5ae48b414b7316ac76678cc8dd1d659ef542a3b7609d25cfc6b277"},
    {file = "cadquery_ocp-7.7.1-cp311-cp311-manylinux_2_35_x86_64.whl", hash = "sha256:83457789a3045f1c9ab4ee9d00b7169433e567705256637625c2620648029e4d"},
    {file = "cadquery_ocp-7.7.1-cp311-cp311-win_amd64.whl", hash = "sha256:14597a8b4b10f711c6a7f2eb8e4dd85b25586b0206c773a37c2d0a3c34c7172b"},
    {file = "cadquery_ocp-7.7.1-cp38-cp38-macosx_10_9_x86_64.whl", hash = "sha256:4b7a23164f344eb07471533efd2505ee27aa25ae4a37383ef09b241761365c73"},
    {file = "cadquery_ocp-7.7.1-cp38-cp38-manylinux_2_35_x86_64.whl", hash = "sha256:6b38e857525f2b170c0fdf14770169a822497e2a1afa6c78434021fffd4f63c3"},
    {file = "cadquery_ocp-7.7.1-cp38-cp38-win_amd64.whl", hash = "sha256:8c85f868c140b04268edae0922bbc74114d0c1bbb84f70075e30558ffb23cbf7"},
    {file = "cadquery_ocp-7.7.1-cp39-cp39-macosx_10_9_x86_64.whl", hash = "sha256:ded2a7714114a66857da493dfcc9d6f9db901141725c58c0e892723a4500a8dd"},
    {file = "cadquery_ocp-7.7.1-cp39-cp39-manylinux_2_35_x86_64.whl", hash = "sha256:3fd169a342a9ae9e7da5e5b1ad0b8820770f3d81c91f808126a8fbf47c1cb98a"},
    {file = "cadquery_ocp-7.7.1-cp39-cp39-win_amd64.whl", hash = "sha256:a2f06389a89015dc0d098049b75da92b927526a22cb4e5503959442dbb77eff2"},
]

[[package]]
name = "casadi"
version = "3.6.4"
description = "CasADi -- framework for algorithmic differentiation and numeric optimization"
optional = false
python-versions = "*"
files = [
    {file = "casadi-3.6.4-cp27-none-macosx_10_13_x86_64.macosx_10_13_intel.whl", hash = "sha256:c82d108f08a850535c77a59519f236c06d7627d91b3b25de1978405c87ba5ee3"},
    {file = "casadi-3.6.4-cp27-none-manylinux1_i686.whl", hash = "sha256:9e10d3f697b107b0aec7ebbcebfbaf185223e8a86261b84212838f450e089933"},
    {file = "casadi-3.6.4-cp27-none-manylinux2010_x86_64.whl", hash = "sha256:f65dca86b8916b8f5643a000703959321912246941870068c54429b125d685eb"},
    {file = "casadi-3.6.4-cp27-none-win_amd64.whl", hash = "sha256:730e73a45810ba45af58128e71f285a3ab7ceb6b32ddbfcfaa38e97b96ff5bef"},
    {file = "casadi-3.6.4-cp310-none-macosx_10_13_x86_64.macosx_10_13_intel.whl", hash = "sha256:34abbbd02e469d8423cdedb52ef723dd901242f0bd9b3e060f5427a8ca05f23b"},
    {file = "casadi-3.6.4-cp310-none-macosx_11_0_arm64.whl", hash = "sha256:f561727b6310d3f0344e6518462e995e78716ca386e1593d3a1c380bfdea1285"},
    {file = "casadi-3.6.4-cp310-none-manylinux2014_aarch64.whl", hash = "sha256:38bdaa49cd3da84ad87cbefbac04750e703896f7dc2746a088121e45ceb48e9d"},
    {file = "casadi-3.6.4-cp310-none-manylinux2014_i686.whl", hash = "sha256:6e4b572085b679a44c5fd2b1b060aa503b1d451377ced1b6322c672008e290d2"},
    {file = "casadi-3.6.4-cp310-none-manylinux2014_x86_64.whl", hash = "sha256:e12311692cf7b950ad06805ca935046202d470bf5f7a151fa1e466d3f1012f25"},
    {file = "casadi-3.6.4-cp310-none-win_amd64.whl", hash = "sha256:66ed424a0ef9141eb6a0070ad3d475f6def7f2de9021950fe54ae001ee8759f1"},
    {file = "casadi-3.6.4-cp311-none-macosx_10_13_x86_64.macosx_10_13_intel.whl", hash = "sha256:5e3b1835c084507a9bab54702babace4ce583ae1d4cfd8ced48e046cfce99840"},
    {file = "casadi-3.6.4-cp311-none-macosx_11_0_arm64.whl", hash = "sha256:9419556902fd88e3080bf2b9d68b8ddef36187965d355265bb6cd14c2b21126c"},
    {file = "casadi-3.6.4-cp311-none-manylinux2014_aarch64.whl", hash = "sha256:fc68a796397129a47410250dee74943cdfdc0a7cd2842ae3e1366972623ca7cb"},
    {file = "casadi-3.6.4-cp311-none-manylinux2014_i686.whl", hash = "sha256:c82eb092dbcd91766c84ddc85044d61a02e78cf716a0ded1e022d966c90b5007"},
    {file = "casadi-3.6.4-cp311-none-manylinux2014_x86_64.whl", hash = "sha256:1a5354a35d32e98a976dd800a4db03b90b462148003d19a1d2809d7c0c972b05"},
    {file = "casadi-3.6.4-cp311-none-win_amd64.whl", hash = "sha256:adcc3f1ab99be4e64ad3bec03c6f2d86412549514a90166a79a306de53d0221a"},
    {file = "casadi-3.6.4-cp312-none-macosx_10_13_x86_64.macosx_10_13_intel.whl", hash = "sha256:dd27871ff74b1a75df7e70f25b44678ae63700fc953ccca8e09b2f1688e3eb06"},
    {file = "casadi-3.6.4-cp312-none-macosx_11_0_arm64.whl", hash = "sha256:a75c307dd0e898d724f5475146595f533c8b0f0f8cd613e0f3f7c1cad32e6cfb"},
    {file = "casadi-3.6.4-cp312-none-manylinux2014_i686.whl", hash = "sha256:c426bc132ece7d3293481cb0435467bb2499a3bda3a7bd6e1e563da02c1c01db"},
]

[package.dependencies]
numpy = "*"

[[package]]
name = "click"
version = "8.1.7"
description = "Composable command line interface toolkit"
optional = false
python-versions = ">=3.7"
files = [
    {file = "click-8.1.7-py3-none-any.whl", hash = "sha256:ae74fb96c20a0277a1d615f1e4d73c8414f5a98db8b799a7931d1582f3390c28"},
    {file = "click-8.1.7.tar.gz", hash = "sha256:ca9853ad459e787e2192211578cc907e7594e294c7ccc834310722b41b9ca6de"},
]

[package.dependencies]
colorama = {version = "*", markers = "platform_system == \"Windows\""}

[[package]]
name = "colorama"
version = "0.4.6"
description = "Cross-platform colored terminal text."
optional = false
python-versions = "!=3.0.*,!=3.1.*,!=3.2.*,!=3.3.*,!=3.4.*,!=3.5.*,!=3.6.*,>=2.7"
files = [
    {file = "colorama-0.4.6-py2.py3-none-any.whl", hash = "sha256:4f1d9991f5acc0ca119f9d443620b77f9d6b33703e51011c16baf57afb285fc6"},
    {file = "colorama-0.4.6.tar.gz", hash = "sha256:08695f5cb7ed6e0531a20572697297273c47b8cae5a63ffc6d6ed5c201be6e44"},
]

[[package]]
name = "ezdxf"
version = "1.1.2"
description = "A Python package to create/manipulate DXF drawings."
optional = false
python-versions = ">=3.8"
files = [
    {file = "ezdxf-1.1.2-cp310-cp310-macosx_10_9_universal2.whl", hash = "sha256:5016a94358ae90fc223f1537fe127a1bb9340c2beb4fa6d0c78014cc4e16d3c3"},
    {file = "ezdxf-1.1.2-cp310-cp310-macosx_10_9_x86_64.whl", hash = "sha256:80fb3651ad1e22023d3102e955c32510ab06ef3afb09c00e7d973c7d5e569f11"},
    {file = "ezdxf-1.1.2-cp310-cp310-macosx_11_0_arm64.whl", hash = "sha256:3b48051229af8d0f35598c0f1837a63ebc7c97cefa330cbd2f1b305786a59bf9"},
    {file = "ezdxf-1.1.2-cp310-cp310-manylinux_2_17_aarch64.manylinux2014_aarch64.whl", hash = "sha256:a41958fc735429ddd704eb817997ce7387d041b5b150cbd401677778b9a875be"},
    {file = "ezdxf-1.1.2-cp310-cp310-manylinux_2_17_x86_64.manylinux2014_x86_64.whl", hash = "sha256:a5d1403fd1db5f6f627e5f80febe8ec38a666c5ae0b1826393b70cf2b936951a"},
    {file = "ezdxf-1.1.2-cp310-cp310-musllinux_1_1_aarch64.whl", hash = "sha256:1b5bd46478eaf972a607a72cb73939071b50de4700411ba526b7a39e106a4667"},
    {file = "ezdxf-1.1.2-cp310-cp310-musllinux_1_1_x86_64.whl", hash = "sha256:32daaaae17e0199070c9b7fc2bc34b0d5651016a3fcde29c5e67b02db5307c20"},
    {file = "ezdxf-1.1.2-cp310-cp310-win_amd64.whl", hash = "sha256:2706a0fb46b05e81bd6fa335c4f249ec483e6420fb4bd1e4852bb196ba2a097d"},
    {file = "ezdxf-1.1.2-cp311-cp311-macosx_10_9_universal2.whl", hash = "sha256:1fdd6810c60c11b79045a834a093aec2696f04ac4c98e48c45694594d8f2814e"},
    {file = "ezdxf-1.1.2-cp311-cp311-macosx_10_9_x86_64.whl", hash = "sha256:f2394a2a5dad050438042696393fd65bf60c8d829ad31987ebc3b707404bfc3a"},
    {file = "ezdxf-1.1.2-cp311-cp311-macosx_11_0_arm64.whl", hash = "sha256:d7c54012e386a72f4515675a98c6671a5b10649b1ff8ae4c493af718a7474423"},
    {file = "ezdxf-1.1.2-cp311-cp311-manylinux_2_17_aarch64.manylinux2014_aarch64.whl", hash = "sha256:57a85295c7875a62c6f985f7210dc480eef652a8ba09602efc522f12e545b2d0"},
    {file = "ezdxf-1.1.2-cp311-cp311-manylinux_2_17_x86_64.manylinux2014_x86_64.whl", hash = "sha256:39290a3d23efb43ee18251907d09a810fe6e15f311d76a60dc011ed8329fcf80"},
    {file = "ezdxf-1.1.2-cp311-cp311-musllinux_1_1_aarch64.whl", hash = "sha256:2f1f159a3902294d4158a058ad9ee68d8e6d5d37dc19e042f0094881611fd8a5"},
    {file = "ezdxf-1.1.2-cp311-cp311-musllinux_1_1_x86_64.whl", hash = "sha256:7450820ccde585fdd7bbb9d51e4c1e00ffb3b222881e38518553d628591dc56b"},
    {file = "ezdxf-1.1.2-cp311-cp311-win_amd64.whl", hash = "sha256:9bf50424cc61b9490ac6ac807d13867ee5ce69f485dc36578e79c409a58aa26d"},
    {file = "ezdxf-1.1.2-cp312-cp312-macosx_10_9_universal2.whl", hash = "sha256:84ddb272ab809a7125d25de24e09d9adf77cbffd5b8b91b1d8219c77272fb6d9"},
    {file = "ezdxf-1.1.2-cp312-cp312-macosx_10_9_x86_64.whl", hash = "sha256:fc9705947e09b6bd4d8c0b11c50b7d10c510a3345272d6c33290404a616215c3"},
    {file = "ezdxf-1.1.2-cp312-cp312-macosx_11_0_arm64.whl", hash = "sha256:5ad23bd51464d4242f5998718deafa3910e546c0a635feb575aa360b3f32bd18"},
    {file = "ezdxf-1.1.2-cp312-cp312-manylinux_2_17_aarch64.manylinux2014_aarch64.whl", hash = "sha256:29574dd8e3be53c6d8bf6b2ff5929cef6908f9a02fa6a296611f561bc969a252"},
    {file = "ezdxf-1.1.2-cp312-cp312-manylinux_2_17_x86_64.manylinux2014_x86_64.whl", hash = "sha256:f35c2c8446a3098df7d55af8bfac8d11bca6c80a6405f44c65f340638b1c0df0"},
    {file = "ezdxf-1.1.2-cp312-cp312-musllinux_1_1_aarch64.whl", hash = "sha256:a5d9db1906b051b98e837d52c1c9cfad02a9efef9e3a8cefa615ccb86e8e734c"},
    {file = "ezdxf-1.1.2-cp312-cp312-musllinux_1_1_x86_64.whl", hash = "sha256:cd78163413a1d48d109e92fa1a05498f265b1db5b20b6c21d1d9302901ce5edc"},
    {file = "ezdxf-1.1.2-cp312-cp312-win_amd64.whl", hash = "sha256:5fcb5c08a145dc9c76a38f54e4f9f25fe5b97089a55c8aad2a760f6feb71bb50"},
    {file = "ezdxf-1.1.2-cp38-cp38-macosx_10_9_universal2.whl", hash = "sha256:dd84125a443785a07562343aae2199c889c6d02c12226b8d117b6eaeaa8498b5"},
    {file = "ezdxf-1.1.2-cp38-cp38-macosx_10_9_x86_64.whl", hash = "sha256:6c194b06caa8f965d4d7111661e4d8acac67e836a1786040a983452416157b02"},
    {file = "ezdxf-1.1.2-cp38-cp38-macosx_11_0_arm64.whl", hash = "sha256:7e65d2c514e44ac001f0d608006765f27d920afa57019b43f26678217db69a89"},
    {file = "ezdxf-1.1.2-cp38-cp38-manylinux_2_17_aarch64.manylinux2014_aarch64.whl", hash = "sha256:4d9f0043ebeafbfefc1ec0dee9db4b3231dec70e02e1600533fb2aa512b9fcc0"},
    {file = "ezdxf-1.1.2-cp38-cp38-manylinux_2_5_x86_64.manylinux1_x86_64.manylinux_2_12_x86_64.manylinux2010_x86_64.whl", hash = "sha256:e5e1c81e382f557a5f351ab8218606800687dd3e61a531b935b5359eddb7d043"},
    {file = "ezdxf-1.1.2-cp38-cp38-musllinux_1_1_aarch64.whl", hash = "sha256:b4034dd610503de5be8da69760c4a90fe21feacdadc50759492bc8dd021e285a"},
    {file = "ezdxf-1.1.2-cp38-cp38-musllinux_1_1_x86_64.whl", hash = "sha256:13b80803175e0f5bf0c57e69cd2c6d71c639b1d07f8fb438028fe8ad892ddb61"},
    {file = "ezdxf-1.1.2-cp38-cp38-win_amd64.whl", hash = "sha256:9177c913d8cea7fa3a399f2a890acd8f4c6b82b947be515e27aa5229e2b335c1"},
    {file = "ezdxf-1.1.2-cp39-cp39-macosx_10_9_universal2.whl", hash = "sha256:af65165d0639e3f275e417e97b955ec78268cbe3a1958ca3de5601e1f711622a"},
    {file = "ezdxf-1.1.2-cp39-cp39-macosx_10_9_x86_64.whl", hash = "sha256:499c4725a1e91ec97ae94a44e755b34005aa0e20ab451ced5311ddeca8696dab"},
    {file = "ezdxf-1.1.2-cp39-cp39-macosx_11_0_arm64.whl", hash = "sha256:571e793484d7a2531bcd519857f0440a66c21e3e331544aeadf4b1cf14f7420e"},
    {file = "ezdxf-1.1.2-cp39-cp39-manylinux_2_17_aarch64.manylinux2014_aarch64.whl", hash = "sha256:96dcbe50287a6cfb8f4edc6a521f567594b5d3e561f1809d9c046ad4df89fea8"},
    {file = "ezdxf-1.1.2-cp39-cp39-manylinux_2_5_x86_64.manylinux1_x86_64.manylinux_2_12_x86_64.manylinux2010_x86_64.whl", hash = "sha256:a613802b92bc238f3783f695e20d64159301be60ab6b570447695a41ae7d44c5"},
    {file = "ezdxf-1.1.2-cp39-cp39-musllinux_1_1_aarch64.whl", hash = "sha256:150412c51ab5d9c419ba38896054f5f2451fa094c20ca2d94144722e116ba2c6"},
    {file = "ezdxf-1.1.2-cp39-cp39-musllinux_1_1_x86_64.whl", hash = "sha256:25256c6d7f21c14b39bce9babb477f1cb206bac382515c600086f0ee10082a0d"},
    {file = "ezdxf-1.1.2-cp39-cp39-win_amd64.whl", hash = "sha256:fcea8956e3cf1d939805008b4f52b71eb2954b47f593383450d35b32d279e80f"},
    {file = "ezdxf-1.1.2-py3-none-any.whl", hash = "sha256:1daab079152d0b74c67336b95dd720a1ef1306be8a8ed726e3815eccfad5f9a9"},
    {file = "ezdxf-1.1.2.zip", hash = "sha256:1e9759f3c0fae79f4816bd3d4625becbfe97cf1b5fe3ed1e8d403c42080835ac"},
]

[package.dependencies]
fonttools = "*"
numpy = "*"
pyparsing = ">=2.0.1"
typing-extensions = ">=4.6.0"

[package.extras]
all = ["Cython", "PyMuPDF (>=1.20.0)", "PySide6", "matplotlib", "pytest", "setuptools", "wheel"]
all5 = ["Cython", "PyMuPDF (>=1.20.0)", "PyQt5", "matplotlib", "pytest", "setuptools", "wheel"]
dev = ["Cython", "pytest", "setuptools", "wheel"]
draw = ["PyMuPDF (>=1.20.0)", "PySide6", "matplotlib"]
draw5 = ["PyMuPDF (>=1.20.0)", "PyQt5", "matplotlib"]
test = ["pytest"]

[[package]]
name = "fonttools"
version = "4.44.0"
description = "Tools to manipulate font files"
optional = false
python-versions = ">=3.8"
files = [
    {file = "fonttools-4.44.0-cp310-cp310-macosx_10_9_universal2.whl", hash = "sha256:e1cd1c6bb097e774d68402499ff66185190baaa2629ae2f18515a2c50b93db0c"},
    {file = "fonttools-4.44.0-cp310-cp310-macosx_10_9_x86_64.whl", hash = "sha256:b9eab7f9837fdaa2a10a524fbcc2ec24bf60637c044b6e4a59c3f835b90f0fae"},
    {file = "fonttools-4.44.0-cp310-cp310-manylinux_2_17_aarch64.manylinux2014_aarch64.whl", hash = "sha256:0f412954275e594f7a51c16f3b3edd850acb0d842fefc33856b63a17e18499a5"},
    {file = "fonttools-4.44.0-cp310-cp310-manylinux_2_17_x86_64.manylinux2014_x86_64.whl", hash = "sha256:50d25893885e80a5955186791eed5579f1e75921751539cc1dc3ffd1160b48cf"},
    {file = "fonttools-4.44.0-cp310-cp310-musllinux_1_1_aarch64.whl", hash = "sha256:22ea8aa7b3712450b42b044702bd3a64fd118006bad09a6f94bd1b227088492e"},
    {file = "fonttools-4.44.0-cp310-cp310-musllinux_1_1_x86_64.whl", hash = "sha256:df40daa6c03b98652ffe8110ae014fe695437f6e1cb5a07e16ea37f40e73ac86"},
    {file = "fonttools-4.44.0-cp310-cp310-win32.whl", hash = "sha256:bca49da868e8bde569ef36f0cc1b6de21d56bf9c3be185c503b629c19a185287"},
    {file = "fonttools-4.44.0-cp310-cp310-win_amd64.whl", hash = "sha256:dbac86d83d96099890e731cc2af97976ff2c98f4ba432fccde657c5653a32f1c"},
    {file = "fonttools-4.44.0-cp311-cp311-macosx_10_9_universal2.whl", hash = "sha256:e8ff7d19a6804bfd561cfcec9b4200dd1788e28f7de4be70189801530c47c1b3"},
    {file = "fonttools-4.44.0-cp311-cp311-macosx_10_9_x86_64.whl", hash = "sha256:a8a1fa9a718de0bc026979c93e1e9b55c5efde60d76f91561fd713387573817d"},
    {file = "fonttools-4.44.0-cp311-cp311-manylinux_2_17_aarch64.manylinux2014_aarch64.whl", hash = "sha256:c05064f95aacdfc06f21e55096c964b2228d942b8675fa26995a2551f6329d2d"},
    {file = "fonttools-4.44.0-cp311-cp311-manylinux_2_17_x86_64.manylinux2014_x86_64.whl", hash = "sha256:31b38528f25bc662401e6ffae14b3eb7f1e820892fd80369a37155e3b636a2f4"},
    {file = "fonttools-4.44.0-cp311-cp311-musllinux_1_1_aarch64.whl", hash = "sha256:05d7c4d2c95b9490e669f3cb83918799bf1c838619ac6d3bad9ea017cfc63f2e"},
    {file = "fonttools-4.44.0-cp311-cp311-musllinux_1_1_x86_64.whl", hash = "sha256:6999e80a125b0cd8e068d0210b63323f17338038c2ecd2e11b9209ec430fe7f2"},
    {file = "fonttools-4.44.0-cp311-cp311-win32.whl", hash = "sha256:a7aec7f5d14dfcd71fb3ebc299b3f000c21fdc4043079101777ed2042ba5b7c5"},
    {file = "fonttools-4.44.0-cp311-cp311-win_amd64.whl", hash = "sha256:518a945dbfe337744bfff31423c1430303b8813c5275dffb0f2577f0734a1189"},
    {file = "fonttools-4.44.0-cp312-cp312-macosx_10_9_universal2.whl", hash = "sha256:59b6ad83cce067d10f4790c037a5904424f45bebb5e7be2eb2db90402f288267"},
    {file = "fonttools-4.44.0-cp312-cp312-macosx_10_9_x86_64.whl", hash = "sha256:c2de1fb18198acd400c45ffe2aef5420c8d55fde903e91cba705596099550f3b"},
    {file = "fonttools-4.44.0-cp312-cp312-manylinux_2_17_aarch64.manylinux2014_aarch64.whl", hash = "sha256:84f308b7a8d28208d54315d11d35f9888d6d607673dd4d42d60b463682ee0400"},
    {file = "fonttools-4.44.0-cp312-cp312-manylinux_2_5_x86_64.manylinux1_x86_64.manylinux_2_17_x86_64.manylinux2014_x86_64.whl", hash = "sha256:66bc6efd829382f7a7e6cf33c2fb32b13edc8a239eb15f32acbf197dce7a0165"},
    {file = "fonttools-4.44.0-cp312-cp312-musllinux_1_1_aarch64.whl", hash = "sha256:a8b99713d3a0d0e876b6aecfaada5e7dc9fe979fcd90ef9fa0ba1d9b9aed03f2"},
    {file = "fonttools-4.44.0-cp312-cp312-musllinux_1_1_x86_64.whl", hash = "sha256:b63da598d9cbc52e2381f922da0e94d60c0429f92207bd3fb04d112fc82ea7cb"},
    {file = "fonttools-4.44.0-cp312-cp312-win32.whl", hash = "sha256:f611c97678604e302b725f71626edea113a5745a7fb557c958b39edb6add87d5"},
    {file = "fonttools-4.44.0-cp312-cp312-win_amd64.whl", hash = "sha256:58af428746fa73a2edcbf26aff33ac4ef3c11c8d75bb200eaea2f7e888d2de4e"},
    {file = "fonttools-4.44.0-cp38-cp38-macosx_10_9_universal2.whl", hash = "sha256:9ee8692e23028564c13d924004495f284df8ac016a19f17a87251210e1f1f928"},
    {file = "fonttools-4.44.0-cp38-cp38-macosx_10_9_x86_64.whl", hash = "sha256:dab3d00d27b1a79ae4d4a240e8ceea8af0ff049fd45f05adb4f860d93744110d"},
    {file = "fonttools-4.44.0-cp38-cp38-manylinux_2_17_aarch64.manylinux2014_aarch64.whl", hash = "sha256:f53526668beccdb3409c6055a4ffe50987a7f05af6436fa55d61f5e7bd450219"},
    {file = "fonttools-4.44.0-cp38-cp38-manylinux_2_17_x86_64.manylinux2014_x86_64.whl", hash = "sha256:a3da036b016c975c2d8c69005bdc4d5d16266f948a7fab950244e0f58301996a"},
    {file = "fonttools-4.44.0-cp38-cp38-musllinux_1_1_aarch64.whl", hash = "sha256:b99fe8ef4093f672d00841569d2d05691e50334d79f4d9c15c1265d76d5580d2"},
    {file = "fonttools-4.44.0-cp38-cp38-musllinux_1_1_x86_64.whl", hash = "sha256:6d16d9634ff1e5cea2cf4a8cbda9026f766e4b5f30b48f8180f0e99133d3abfc"},
    {file = "fonttools-4.44.0-cp38-cp38-win32.whl", hash = "sha256:3d29509f6e05e8d725db59c2d8c076223d793e4e35773040be6632a0349f2f97"},
    {file = "fonttools-4.44.0-cp38-cp38-win_amd64.whl", hash = "sha256:d4fa4f4bc8fd86579b8cdbe5e948f35d82c0eda0091c399d009b2a5a6b61c040"},
    {file = "fonttools-4.44.0-cp39-cp39-macosx_10_9_universal2.whl", hash = "sha256:c794de4086f06ae609b71ac944ec7deb09f34ecf73316fddc041087dd24bba39"},
    {file = "fonttools-4.44.0-cp39-cp39-macosx_10_9_x86_64.whl", hash = "sha256:2db63941fee3122e31a21dd0f5b2138ce9906b661a85b63622421d3654a74ae2"},
    {file = "fonttools-4.44.0-cp39-cp39-manylinux_2_17_aarch64.manylinux2014_aarch64.whl", hash = "sha256:eb01c49c8aa035d5346f46630209923d4927ed15c2493db38d31da9f811eb70d"},
    {file = "fonttools-4.44.0-cp39-cp39-manylinux_2_17_x86_64.manylinux2014_x86_64.whl", hash = "sha256:46c79af80a835410874683b5779b6c1ec1d5a285e11c45b5193e79dd691eb111"},
    {file = "fonttools-4.44.0-cp39-cp39-musllinux_1_1_aarch64.whl", hash = "sha256:b6e6aa2d066f8dafd06d8d0799b4944b5d5a1f015dd52ac01bdf2895ebe169a0"},
    {file = "fonttools-4.44.0-cp39-cp39-musllinux_1_1_x86_64.whl", hash = "sha256:63a3112f753baef8c6ac2f5f574bb9ac8001b86c8c0c0380039db47a7f512d20"},
    {file = "fonttools-4.44.0-cp39-cp39-win32.whl", hash = "sha256:54efed22b2799a85475e6840e907c402ba49892c614565dc770aa97a53621b2b"},
    {file = "fonttools-4.44.0-cp39-cp39-win_amd64.whl", hash = "sha256:2e91e19b583961979e2e5a701269d3cfc07418963bee717f8160b0a24332826b"},
    {file = "fonttools-4.44.0-py3-none-any.whl", hash = "sha256:b9beb0fa6ff3ea808ad4a6962d68ac0f140ddab080957b20d9e268e4d67fb335"},
    {file = "fonttools-4.44.0.tar.gz", hash = "sha256:4e90dd81b6e0d97ebfe52c0d12a17a9ef7f305d6bfbb93081265057d6092f252"},
]

[package.extras]
all = ["brotli (>=1.0.1)", "brotlicffi (>=0.8.0)", "fs (>=2.2.0,<3)", "lxml (>=4.0,<5)", "lz4 (>=1.7.4.2)", "matplotlib", "munkres", "scipy", "skia-pathops (>=0.5.0)", "sympy", "uharfbuzz (>=0.23.0)", "unicodedata2 (>=15.1.0)", "xattr", "zopfli (>=0.1.4)"]
graphite = ["lz4 (>=1.7.4.2)"]
interpolatable = ["munkres", "scipy"]
lxml = ["lxml (>=4.0,<5)"]
pathops = ["skia-pathops (>=0.5.0)"]
plot = ["matplotlib"]
repacker = ["uharfbuzz (>=0.23.0)"]
symfont = ["sympy"]
type1 = ["xattr"]
ufo = ["fs (>=2.2.0,<3)"]
unicode = ["unicodedata2 (>=15.1.0)"]
woff = ["brotli (>=1.0.1)", "brotlicffi (>=0.8.0)", "zopfli (>=0.1.4)"]

[[package]]
name = "multimethod"
version = "1.10"
description = "Multiple argument dispatching."
optional = false
python-versions = ">=3.8"
files = [
    {file = "multimethod-1.10-py3-none-any.whl", hash = "sha256:afd84da9c3d0445c84f827e4d63ad42d17c6d29b122427c6dee9032ac2d2a0d4"},
    {file = "multimethod-1.10.tar.gz", hash = "sha256:daa45af3fe257f73abb69673fd54ddeaf31df0eb7363ad6e1251b7c9b192d8c5"},
]

[[package]]
name = "mypy-extensions"
version = "1.0.0"
description = "Type system extensions for programs checked with the mypy type checker."
optional = false
python-versions = ">=3.5"
files = [
    {file = "mypy_extensions-1.0.0-py3-none-any.whl", hash = "sha256:4392f6c0eb8a5668a69e23d168ffa70f0be9ccfd32b5cc2d26a34ae5b844552d"},
    {file = "mypy_extensions-1.0.0.tar.gz", hash = "sha256:75dbf8955dc00442a438fc4d0666508a9a97b6bd41aa2f0ffe9d2f2725af0782"},
]

[[package]]
name = "nlopt"
version = "2.7.1"
description = "Library for nonlinear optimization, wrapping many algorithms for global and local, constrained or unconstrained, optimization"
optional = false
python-versions = ">=3.6"
files = [
    {file = "nlopt-2.7.1-cp310-cp310-macosx_10_9_x86_64.whl", hash = "sha256:42b7883704e1285ff40d930699eb7fc7e1341229da33666b4163459cfdf89fb1"},
    {file = "nlopt-2.7.1-cp310-cp310-manylinux_2_17_x86_64.manylinux2014_x86_64.whl", hash = "sha256:6ba0862162248442fbf1f04b20a321c11ff40ff4442a12aaaafcdaff9abb0ab7"},
    {file = "nlopt-2.7.1-cp310-cp310-win_amd64.whl", hash = "sha256:426c18548d733640449d707c82eb57c09a5f01d4b064f87312808d194d227f24"},
    {file = "nlopt-2.7.1-cp311-cp311-macosx_10_9_x86_64.whl", hash = "sha256:7a12fe3cbfb36a6a18f84a1ac23ed3dda323860235381b3d2d182d8b771783ef"},
    {file = "nlopt-2.7.1-cp311-cp311-manylinux_2_17_x86_64.manylinux2014_x86_64.whl", hash = "sha256:3e1653de0060a42d6709423e6160888893bb688f4ff79aa0f1def4701ea25dd8"},
    {file = "nlopt-2.7.1-cp311-cp311-win_amd64.whl", hash = "sha256:88ec7cf491da150d497ecc61889bc7adb0af0ad05a67e925a4f5ac88e20f1b9c"},
    {file = "nlopt-2.7.1-cp37-cp37m-macosx_10_9_x86_64.whl", hash = "sha256:79791a2179d1cf708622eaeea76c88acbadc6af0d2f198df21a74473838686c3"},
    {file = "nlopt-2.7.1-cp37-cp37m-manylinux_2_17_x86_64.manylinux2014_x86_64.whl", hash = "sha256:aad38bab99348f6c3bbf0d5f339b3fd77465b27ef44c330f4ba512a40b87b373"},
    {file = "nlopt-2.7.1-cp37-cp37m-win_amd64.whl", hash = "sha256:479a415f522051f6d728a3279c013aab96a6eaf3c323a89582dcb07eb636f15f"},
    {file = "nlopt-2.7.1-cp38-cp38-macosx_10_9_x86_64.whl", hash = "sha256:d99f1d6217bc3ead6fa6fe84a923577003f9a5f760cd354a3f8dcd1e11d626ce"},
    {file = "nlopt-2.7.1-cp38-cp38-manylinux_2_17_x86_64.manylinux2014_x86_64.whl", hash = "sha256:33f9370bd37788b4ac792cf161835f1e4e9bbad8bfb5a76f75a295ae38dcd8d0"},
    {file = "nlopt-2.7.1-cp38-cp38-win_amd64.whl", hash = "sha256:8e7b65cf3a751e822b02f28b65d0c548052523fa6333619af3f24fec60a6b6bd"},
    {file = "nlopt-2.7.1-cp39-cp39-macosx_10_9_x86_64.whl", hash = "sha256:087ff54de5ec0375fd18f843b36e9a8590c0f1e194bb45d3119ba844aeb836dd"},
    {file = "nlopt-2.7.1-cp39-cp39-manylinux_2_17_x86_64.manylinux2014_x86_64.whl", hash = "sha256:b4a05448f0ffebbab7a6a822297430e018c848652280e6efa13484e210291d5c"},
    {file = "nlopt-2.7.1-cp39-cp39-win_amd64.whl", hash = "sha256:757c41210f3ab6173e5c508c79c7833e33cf90a068d098b1e13d277432120b81"},
]

[package.dependencies]
numpy = ">=1.14"

[[package]]
name = "nptyping"
version = "2.0.1"
description = "Type hints for NumPy."
optional = false
python-versions = ">=3.7"
files = [
    {file = "nptyping-2.0.1-py3-none-any.whl", hash = "sha256:0fc5c4d76c65e12a77e750b9e2701dab6468d00926c8c4f383867bd70598a532"},
]

[package.dependencies]
numpy = ">=1.20.0"

[package.extras]
build = ["codecov (>=2.1.0)", "invoke (>=1.6.0)", "pip-tools (>=6.5.0)"]
dev = ["autoflake", "beartype (<0.10.0)", "beartype (>=0.10.0)", "black", "codecov (>=2.1.0)", "coverage", "invoke (>=1.6.0)", "isort", "mypy", "pip-tools (>=6.5.0)", "pylint", "setuptools", "typeguard", "wheel"]
qa = ["autoflake", "beartype (<0.10.0)", "beartype (>=0.10.0)", "black", "coverage", "isort", "mypy", "pylint", "setuptools", "typeguard", "wheel"]

[[package]]
name = "numpy"
version = "1.25.2"
description = "Fundamental package for array computing in Python"
optional = false
python-versions = ">=3.9"
files = [
    {file = "numpy-1.25.2-cp310-cp310-macosx_10_9_x86_64.whl", hash = "sha256:db3ccc4e37a6873045580d413fe79b68e47a681af8db2e046f1dacfa11f86eb3"},
    {file = "numpy-1.25.2-cp310-cp310-macosx_11_0_arm64.whl", hash = "sha256:90319e4f002795ccfc9050110bbbaa16c944b1c37c0baeea43c5fb881693ae1f"},
    {file = "numpy-1.25.2-cp310-cp310-manylinux_2_17_aarch64.manylinux2014_aarch64.whl", hash = "sha256:dfe4a913e29b418d096e696ddd422d8a5d13ffba4ea91f9f60440a3b759b0187"},
    {file = "numpy-1.25.2-cp310-cp310-manylinux_2_17_x86_64.manylinux2014_x86_64.whl", hash = "sha256:f08f2e037bba04e707eebf4bc934f1972a315c883a9e0ebfa8a7756eabf9e357"},
    {file = "numpy-1.25.2-cp310-cp310-musllinux_1_1_x86_64.whl", hash = "sha256:bec1e7213c7cb00d67093247f8c4db156fd03075f49876957dca4711306d39c9"},
    {file = "numpy-1.25.2-cp310-cp310-win32.whl", hash = "sha256:7dc869c0c75988e1c693d0e2d5b26034644399dd929bc049db55395b1379e044"},
    {file = "numpy-1.25.2-cp310-cp310-win_amd64.whl", hash = "sha256:834b386f2b8210dca38c71a6e0f4fd6922f7d3fcff935dbe3a570945acb1b545"},
    {file = "numpy-1.25.2-cp311-cp311-macosx_10_9_x86_64.whl", hash = "sha256:c5462d19336db4560041517dbb7759c21d181a67cb01b36ca109b2ae37d32418"},
    {file = "numpy-1.25.2-cp311-cp311-macosx_11_0_arm64.whl", hash = "sha256:c5652ea24d33585ea39eb6a6a15dac87a1206a692719ff45d53c5282e66d4a8f"},
    {file = "numpy-1.25.2-cp311-cp311-manylinux_2_17_aarch64.manylinux2014_aarch64.whl", hash = "sha256:0d60fbae8e0019865fc4784745814cff1c421df5afee233db6d88ab4f14655a2"},
    {file = "numpy-1.25.2-cp311-cp311-manylinux_2_17_x86_64.manylinux2014_x86_64.whl", hash = "sha256:60e7f0f7f6d0eee8364b9a6304c2845b9c491ac706048c7e8cf47b83123b8dbf"},
    {file = "numpy-1.25.2-cp311-cp311-musllinux_1_1_x86_64.whl", hash = "sha256:bb33d5a1cf360304754913a350edda36d5b8c5331a8237268c48f91253c3a364"},
    {file = "numpy-1.25.2-cp311-cp311-win32.whl", hash = "sha256:5883c06bb92f2e6c8181df7b39971a5fb436288db58b5a1c3967702d4278691d"},
    {file = "numpy-1.25.2-cp311-cp311-win_amd64.whl", hash = "sha256:5c97325a0ba6f9d041feb9390924614b60b99209a71a69c876f71052521d42a4"},
    {file = "numpy-1.25.2-cp39-cp39-macosx_10_9_x86_64.whl", hash = "sha256:b79e513d7aac42ae918db3ad1341a015488530d0bb2a6abcbdd10a3a829ccfd3"},
    {file = "numpy-1.25.2-cp39-cp39-macosx_11_0_arm64.whl", hash = "sha256:eb942bfb6f84df5ce05dbf4b46673ffed0d3da59f13635ea9b926af3deb76926"},
    {file = "numpy-1.25.2-cp39-cp39-manylinux_2_17_aarch64.manylinux2014_aarch64.whl", hash = "sha256:3e0746410e73384e70d286f93abf2520035250aad8c5714240b0492a7302fdca"},
    {file = "numpy-1.25.2-cp39-cp39-manylinux_2_17_x86_64.manylinux2014_x86_64.whl", hash = "sha256:d7806500e4f5bdd04095e849265e55de20d8cc4b661b038957354327f6d9b295"},
    {file = "numpy-1.25.2-cp39-cp39-musllinux_1_1_x86_64.whl", hash = "sha256:8b77775f4b7df768967a7c8b3567e309f617dd5e99aeb886fa14dc1a0791141f"},
    {file = "numpy-1.25.2-cp39-cp39-win32.whl", hash = "sha256:2792d23d62ec51e50ce4d4b7d73de8f67a2fd3ea710dcbc8563a51a03fb07b01"},
    {file = "numpy-1.25.2-cp39-cp39-win_amd64.whl", hash = "sha256:76b4115d42a7dfc5d485d358728cdd8719be33cc5ec6ec08632a5d6fca2ed380"},
    {file = "numpy-1.25.2-pp39-pypy39_pp73-macosx_10_9_x86_64.whl", hash = "sha256:1a1329e26f46230bf77b02cc19e900db9b52f398d6722ca853349a782d4cff55"},
    {file = "numpy-1.25.2-pp39-pypy39_pp73-manylinux_2_17_x86_64.manylinux2014_x86_64.whl", hash = "sha256:4c3abc71e8b6edba80a01a52e66d83c5d14433cbcd26a40c329ec7ed09f37901"},
    {file = "numpy-1.25.2-pp39-pypy39_pp73-win_amd64.whl", hash = "sha256:1b9735c27cea5d995496f46a8b1cd7b408b3f34b6d50459d9ac8fe3a20cc17bf"},
    {file = "numpy-1.25.2.tar.gz", hash = "sha256:fd608e19c8d7c55021dffd43bfe5492fab8cc105cc8986f813f8c3c048b38760"},
]

[[package]]
name = "packaging"
version = "23.2"
description = "Core utilities for Python packages"
optional = false
python-versions = ">=3.7"
files = [
    {file = "packaging-23.2-py3-none-any.whl", hash = "sha256:8c491190033a9af7e1d931d0b5dacc2ef47509b34dd0de67ed209b5203fc88c7"},
    {file = "packaging-23.2.tar.gz", hash = "sha256:048fb0e9405036518eaaf48a55953c750c11e1a1b68e0dd1a9d62ed0c092cfc5"},
]

[[package]]
name = "path"
version = "16.7.1"
description = "A module wrapper for os.path"
optional = false
python-versions = ">=3.8"
files = [
    {file = "path-16.7.1-py3-none-any.whl", hash = "sha256:57f6ac8209c2b8fd3c515cf013e3b288af43460dddacf1d0249839aabcc14517"},
    {file = "path-16.7.1.tar.gz", hash = "sha256:2b477f5887033f3cbea1cfd8553ee6a6a498eb2540a19f4aa082822aadcea30a"},
]

[package.extras]
docs = ["furo", "jaraco.packaging (>=9.3)", "jaraco.tidelift (>=1.4)", "rst.linker (>=1.9)", "sphinx (>=3.5)", "sphinx-lint"]
testing = ["appdirs", "packaging", "pygments", "pytest (>=6)", "pytest-black (>=0.3.7)", "pytest-checkdocs (>=2.4)", "pytest-cov", "pytest-enabler (>=2.2)", "pytest-mypy (>=0.9.1)", "pytest-ruff", "pywin32"]

[[package]]
name = "pathspec"
version = "0.11.2"
description = "Utility library for gitignore style pattern matching of file paths."
optional = false
python-versions = ">=3.7"
files = [
    {file = "pathspec-0.11.2-py3-none-any.whl", hash = "sha256:1d6ed233af05e679efb96b1851550ea95bbb64b7c490b0f5aa52996c11e92a20"},
    {file = "pathspec-0.11.2.tar.gz", hash = "sha256:e0d8d0ac2f12da61956eb2306b69f9469b42f4deb0f3cb6ed47b9cce9996ced3"},
]

[[package]]
name = "platformdirs"
version = "4.0.0"
description = "A small Python package for determining appropriate platform-specific dirs, e.g. a \"user data dir\"."
optional = false
python-versions = ">=3.7"
files = [
    {file = "platformdirs-4.0.0-py3-none-any.whl", hash = "sha256:118c954d7e949b35437270383a3f2531e99dd93cf7ce4dc8340d3356d30f173b"},
    {file = "platformdirs-4.0.0.tar.gz", hash = "sha256:cb633b2bcf10c51af60beb0ab06d2f1d69064b43abf4c185ca6b28865f3f9731"},
]

[package.extras]
docs = ["furo (>=2023.7.26)", "proselint (>=0.13)", "sphinx (>=7.1.1)", "sphinx-autodoc-typehints (>=1.24)"]
test = ["appdirs (==1.4.4)", "covdefaults (>=2.3)", "pytest (>=7.4)", "pytest-cov (>=4.1)", "pytest-mock (>=3.11.1)"]

[[package]]
name = "pyparsing"
version = "3.1.1"
description = "pyparsing module - Classes and methods to define and execute parsing grammars"
optional = false
python-versions = ">=3.6.8"
files = [
    {file = "pyparsing-3.1.1-py3-none-any.whl", hash = "sha256:32c7c0b711493c72ff18a981d24f28aaf9c1fb7ed5e9667c9e84e3db623bdbfb"},
    {file = "pyparsing-3.1.1.tar.gz", hash = "sha256:ede28a1a32462f5a9705e07aea48001a08f7cf81a021585011deba701581a0db"},
]

[package.extras]
diagrams = ["jinja2", "railroad-diagrams"]

[[package]]
name = "typing-extensions"
version = "4.8.0"
description = "Backported and Experimental Type Hints for Python 3.8+"
optional = false
python-versions = ">=3.8"
files = [
    {file = "typing_extensions-4.8.0-py3-none-any.whl", hash = "sha256:8f92fc8806f9a6b641eaa5318da32b44d401efaac0f6678c9bc448ba3605faa0"},
    {file = "typing_extensions-4.8.0.tar.gz", hash = "sha256:df8e4339e9cb77357558cbdbceca33c303714cf861d1eef15e1070055ae8b7ef"},
]

[[package]]
name = "typish"
version = "1.9.3"
description = "Functionality for types"
optional = false
python-versions = "*"
files = [
    {file = "typish-1.9.3-py3-none-any.whl", hash = "sha256:03cfee5e6eb856dbf90244e18f4e4c41044c8790d5779f4e775f63f982e2f896"},
]

[package.extras]
test = ["codecov", "coverage", "mypy", "nptyping (>=1.3.0)", "numpy", "pycodestyle", "pylint", "pytest"]

[metadata]
lock-version = "2.0"
python-versions = "^3.11"
content-hash = "96639b89712aa00328aa3b270c2c5709ff15ca8b8166c06bb7acf40d5b4f3e2a"
